
Microsoft Visual Studio Solution File, Format Version 12.00
# Visual Studio Version 17
VisualStudioVersion = 17.3.32929.385
MinimumVisualStudioVersion = 10.0.40219.1
Project("{FAE04EC0-301F-11D3-BF4B-00C04F79EFBC}") = "Test", "Test.csproj", "{9201C8F2-0A9B-4AC1-ABB7-4941EB54A14E}"
EndProject
Global
	GlobalSection(SolutionConfigurationPlatforms) = preSolution
		Debug|Any CPU = Debug|Any CPU
		Release|Any CPU = Release|Any CPU
	EndGlobalSection
	GlobalSection(ProjectConfigurationPlatforms) = postSolution
		{9201C8F2-0A9B-4AC1-ABB7-4941EB54A14E}.Debug|Any CPU.ActiveCfg = Debug|Any CPU
		{9201C8F2-0A9B-4AC1-ABB7-4941EB54A14E}.Debug|Any CPU.Build.0 = Debug|Any CPU
		{9201C8F2-0A9B-4AC1-ABB7-4941EB54A14E}.Release|Any CPU.ActiveCfg = Release|Any CPU
		{9201C8F2-0A9B-4AC1-ABB7-4941EB54A14E}.Release|Any CPU.Build.0 = Release|Any CPU
	EndGlobalSection
	GlobalSection(SolutionProperties) = preSolution
		HideSolutionNode = FALSE
	EndGlobalSection
	GlobalSection(ExtensibilityGlobals) = postSolution
		SolutionGuid = {DB81F68C-D2AF-4125-B1DA-0167CC5A6460}
	EndGlobalSection
EndGlobal
